
Microsoft Visual Studio Solution File, Format Version 12.00
# Visual Studio 15
VisualStudioVersion = 15.0.27428.2005
MinimumVisualStudioVersion = 10.0.40219.1
Project("{FAE04EC0-301F-11D3-BF4B-00C04F79EFBC}") = "WcfServiceApp", "WcfServiceApp\WcfServiceApp.csproj", "{11B38713-9465-4B5D-AB16-0F292A97E1D4}"
EndProject
Project("{FAE04EC0-301F-11D3-BF4B-00C04F79EFBC}") = "MessageDbLib", "MessageDbLib\MessageDbLib.csproj", "{77445FC9-820E-4BC0-AACC-870047E1B956}"
EndProject
Project("{FAE04EC0-301F-11D3-BF4B-00C04F79EFBC}") = "MessageDbLibTest", "MessageDbLibTest\MessageDbLibTest.csproj", "{176A0CD6-82DD-4CF4-8989-5D69EB7EF396}"
EndProject
Project("{FAE04EC0-301F-11D3-BF4B-00C04F79EFBC}") = "MessageBaseDbLib", "MessageBaseDbLib\MessageBaseDbLib.csproj", "{CF2C7DF0-CC51-44A9-85FF-18B3D67CB6BF}"
EndProject
Project("{FAE04EC0-301F-11D3-BF4B-00C04F79EFBC}") = "MessageMqLib", "MessageMqLib\MessageMqLib.csproj", "{7AA38EBF-E725-4936-94CE-B6DDED5D8B85}"
EndProject
Global
	GlobalSection(SolutionConfigurationPlatforms) = preSolution
		Debug|Any CPU = Debug|Any CPU
		Release|Any CPU = Release|Any CPU
	EndGlobalSection
	GlobalSection(ProjectConfigurationPlatforms) = postSolution
		{11B38713-9465-4B5D-AB16-0F292A97E1D4}.Debug|Any CPU.ActiveCfg = Debug|Any CPU
		{11B38713-9465-4B5D-AB16-0F292A97E1D4}.Debug|Any CPU.Build.0 = Debug|Any CPU
		{11B38713-9465-4B5D-AB16-0F292A97E1D4}.Release|Any CPU.ActiveCfg = Release|Any CPU
		{11B38713-9465-4B5D-AB16-0F292A97E1D4}.Release|Any CPU.Build.0 = Release|Any CPU
		{77445FC9-820E-4BC0-AACC-870047E1B956}.Debug|Any CPU.ActiveCfg = Debug|Any CPU
		{77445FC9-820E-4BC0-AACC-870047E1B956}.Debug|Any CPU.Build.0 = Debug|Any CPU
		{77445FC9-820E-4BC0-AACC-870047E1B956}.Release|Any CPU.ActiveCfg = Release|Any CPU
		{77445FC9-820E-4BC0-AACC-870047E1B956}.Release|Any CPU.Build.0 = Release|Any CPU
		{176A0CD6-82DD-4CF4-8989-5D69EB7EF396}.Debug|Any CPU.ActiveCfg = Debug|Any CPU
		{176A0CD6-82DD-4CF4-8989-5D69EB7EF396}.Debug|Any CPU.Build.0 = Debug|Any CPU
		{176A0CD6-82DD-4CF4-8989-5D69EB7EF396}.Release|Any CPU.ActiveCfg = Release|Any CPU
		{176A0CD6-82DD-4CF4-8989-5D69EB7EF396}.Release|Any CPU.Build.0 = Release|Any CPU
		{CF2C7DF0-CC51-44A9-85FF-18B3D67CB6BF}.Debug|Any CPU.ActiveCfg = Debug|Any CPU
		{CF2C7DF0-CC51-44A9-85FF-18B3D67CB6BF}.Debug|Any CPU.Build.0 = Debug|Any CPU
		{CF2C7DF0-CC51-44A9-85FF-18B3D67CB6BF}.Release|Any CPU.ActiveCfg = Release|Any CPU
		{CF2C7DF0-CC51-44A9-85FF-18B3D67CB6BF}.Release|Any CPU.Build.0 = Release|Any CPU
		{7AA38EBF-E725-4936-94CE-B6DDED5D8B85}.Debug|Any CPU.ActiveCfg = Debug|Any CPU
		{7AA38EBF-E725-4936-94CE-B6DDED5D8B85}.Debug|Any CPU.Build.0 = Debug|Any CPU
		{7AA38EBF-E725-4936-94CE-B6DDED5D8B85}.Release|Any CPU.ActiveCfg = Release|Any CPU
		{7AA38EBF-E725-4936-94CE-B6DDED5D8B85}.Release|Any CPU.Build.0 = Release|Any CPU
	EndGlobalSection
	GlobalSection(SolutionProperties) = preSolution
		HideSolutionNode = FALSE
	EndGlobalSection
	GlobalSection(ExtensibilityGlobals) = postSolution
		SolutionGuid = {31650124-BE22-40C5-82A7-D06A1E9408E3}
	EndGlobalSection
EndGlobal
